// !$*UTF8*$!
{
	archiveVersion = 1;
	classes = {
	};
	objectVersion = 50;
	objects = {

/* Begin PBXBuildFile section */
		7B1C3EC625DAAE7A00832738 /* APIRequest.swift in Sources */ = {isa = PBXBuildFile; fileRef = 7B1C3EC525DAAE7A00832738 /* APIRequest.swift */; };
		7B1C3ECA25DAAEAE00832738 /* TodosRequest.swift in Sources */ = {isa = PBXBuildFile; fileRef = 7B1C3EC925DAAEAE00832738 /* TodosRequest.swift */; };
		7B1C3ECF25DAAEDF00832738 /* TodosRequest_Tests.swift in Sources */ = {isa = PBXBuildFile; fileRef = 7B1C3ECE25DAAEDF00832738 /* TodosRequest_Tests.swift */; };
		7B1C3EE125DAB31700832738 /* TodoRequest.swift in Sources */ = {isa = PBXBuildFile; fileRef = 7B1C3EE025DAB31700832738 /* TodoRequest.swift */; };
		7B1C3EE525DAB8BF00832738 /* TodoRequest_Tests.swift in Sources */ = {isa = PBXBuildFile; fileRef = 7B1C3EE425DAB8BF00832738 /* TodoRequest_Tests.swift */; };
		7B1C3EED25DAC0C600832738 /* API.swift in Sources */ = {isa = PBXBuildFile; fileRef = 7B1C3EEC25DAC0C600832738 /* API.swift */; };
		7B1C3EF125DAC0DC00832738 /* API_Tests.swift in Sources */ = {isa = PBXBuildFile; fileRef = 7B1C3EF025DAC0DC00832738 /* API_Tests.swift */; };
		7B1C3EFA25DAC68F00832738 /* APIError.swift in Sources */ = {isa = PBXBuildFile; fileRef = 7B1C3EF925DAC68F00832738 /* APIError.swift */; };
		7B1C3F1225DAD63000832738 /* test.json in Resources */ = {isa = PBXBuildFile; fileRef = 7B1C3F1125DAD63000832738 /* test.json */; };
		7B6C691B25DAA1BE00FC4FAB /* TodoApp.swift in Sources */ = {isa = PBXBuildFile; fileRef = 7B6C691A25DAA1BE00FC4FAB /* TodoApp.swift */; };
		7B6C691D25DAA1BE00FC4FAB /* MainView.swift in Sources */ = {isa = PBXBuildFile; fileRef = 7B6C691C25DAA1BE00FC4FAB /* MainView.swift */; };
		7B6C691F25DAA1C100FC4FAB /* Assets.xcassets in Resources */ = {isa = PBXBuildFile; fileRef = 7B6C691E25DAA1C100FC4FAB /* Assets.xcassets */; };
		7B6C692225DAA1C100FC4FAB /* Preview Assets.xcassets in Resources */ = {isa = PBXBuildFile; fileRef = 7B6C692125DAA1C100FC4FAB /* Preview Assets.xcassets */; };
		7B8099F025DAA7F600F02610 /* Todo.swift in Sources */ = {isa = PBXBuildFile; fileRef = 7B8099EF25DAA7F600F02610 /* Todo.swift */; };
		7B8099F625DAA95000F02610 /* Todo_Tests.swift in Sources */ = {isa = PBXBuildFile; fileRef = 7B8099F525DAA95000F02610 /* Todo_Tests.swift */; };
		7BC3CBB825DC208C00706AB6 /* LoadingView.swift in Sources */ = {isa = PBXBuildFile; fileRef = 7BC3CBB725DC208C00706AB6 /* LoadingView.swift */; };
/* End PBXBuildFile section */

/* Begin PBXContainerItemProxy section */
		7B6C693A25DAA52900FC4FAB /* PBXContainerItemProxy */ = {
			isa = PBXContainerItemProxy;
			containerPortal = 7B6C690F25DAA1BE00FC4FAB /* Project object */;
			proxyType = 1;
			remoteGlobalIDString = 7B6C691625DAA1BE00FC4FAB;
			remoteInfo = "Todo Test";
		};
/* End PBXContainerItemProxy section */

/* Begin PBXFileReference section */
		7B1C3EC525DAAE7A00832738 /* APIRequest.swift */ = {isa = PBXFileReference; lastKnownFileType = sourcecode.swift; path = APIRequest.swift; sourceTree = "<group>"; };
		7B1C3EC925DAAEAE00832738 /* TodosRequest.swift */ = {isa = PBXFileReference; lastKnownFileType = sourcecode.swift; path = TodosRequest.swift; sourceTree = "<group>"; };
		7B1C3ECE25DAAEDF00832738 /* TodosRequest_Tests.swift */ = {isa = PBXFileReference; lastKnownFileType = sourcecode.swift; path = TodosRequest_Tests.swift; sourceTree = "<group>"; };
		7B1C3EE025DAB31700832738 /* TodoRequest.swift */ = {isa = PBXFileReference; lastKnownFileType = sourcecode.swift; path = TodoRequest.swift; sourceTree = "<group>"; };
		7B1C3EE425DAB8BF00832738 /* TodoRequest_Tests.swift */ = {isa = PBXFileReference; lastKnownFileType = sourcecode.swift; path = TodoRequest_Tests.swift; sourceTree = "<group>"; };
		7B1C3EEC25DAC0C600832738 /* API.swift */ = {isa = PBXFileReference; lastKnownFileType = sourcecode.swift; path = API.swift; sourceTree = "<group>"; };
		7B1C3EF025DAC0DC00832738 /* API_Tests.swift */ = {isa = PBXFileReference; lastKnownFileType = sourcecode.swift; path = API_Tests.swift; sourceTree = "<group>"; };
		7B1C3EF925DAC68F00832738 /* APIError.swift */ = {isa = PBXFileReference; lastKnownFileType = sourcecode.swift; path = APIError.swift; sourceTree = "<group>"; };
		7B1C3F1125DAD63000832738 /* test.json */ = {isa = PBXFileReference; lastKnownFileType = text.json; path = test.json; sourceTree = "<group>"; };
		7B6C691725DAA1BE00FC4FAB /* Todo Test.app */ = {isa = PBXFileReference; explicitFileType = wrapper.application; includeInIndex = 0; path = "Todo Test.app"; sourceTree = BUILT_PRODUCTS_DIR; };
		7B6C691A25DAA1BE00FC4FAB /* TodoApp.swift */ = {isa = PBXFileReference; lastKnownFileType = sourcecode.swift; path = TodoApp.swift; sourceTree = "<group>"; };
		7B6C691C25DAA1BE00FC4FAB /* MainView.swift */ = {isa = PBXFileReference; lastKnownFileType = sourcecode.swift; path = MainView.swift; sourceTree = "<group>"; };
		7B6C691E25DAA1C100FC4FAB /* Assets.xcassets */ = {isa = PBXFileReference; lastKnownFileType = folder.assetcatalog; path = Assets.xcassets; sourceTree = "<group>"; };
		7B6C692125DAA1C100FC4FAB /* Preview Assets.xcassets */ = {isa = PBXFileReference; lastKnownFileType = folder.assetcatalog; path = "Preview Assets.xcassets"; sourceTree = "<group>"; };
		7B6C692325DAA1C100FC4FAB /* Info.plist */ = {isa = PBXFileReference; lastKnownFileType = text.plist.xml; path = Info.plist; sourceTree = "<group>"; };
		7B6C693525DAA52900FC4FAB /* Todo Test Tests.xctest */ = {isa = PBXFileReference; explicitFileType = wrapper.cfbundle; includeInIndex = 0; path = "Todo Test Tests.xctest"; sourceTree = BUILT_PRODUCTS_DIR; };
		7B6C693925DAA52900FC4FAB /* Info.plist */ = {isa = PBXFileReference; lastKnownFileType = text.plist.xml; path = Info.plist; sourceTree = "<group>"; };
		7B8099EF25DAA7F600F02610 /* Todo.swift */ = {isa = PBXFileReference; lastKnownFileType = sourcecode.swift; path = Todo.swift; sourceTree = "<group>"; };
		7B8099F525DAA95000F02610 /* Todo_Tests.swift */ = {isa = PBXFileReference; lastKnownFileType = sourcecode.swift; path = Todo_Tests.swift; sourceTree = "<group>"; };
		7BC3CBB725DC208C00706AB6 /* LoadingView.swift */ = {isa = PBXFileReference; lastKnownFileType = sourcecode.swift; path = LoadingView.swift; sourceTree = "<group>"; };
/* End PBXFileReference section */

/* Begin PBXFrameworksBuildPhase section */
		7B6C691425DAA1BE00FC4FAB /* Frameworks */ = {
			isa = PBXFrameworksBuildPhase;
			buildActionMask = 2147483647;
			files = (
			);
			runOnlyForDeploymentPostprocessing = 0;
		};
		7B6C693225DAA52900FC4FAB /* Frameworks */ = {
			isa = PBXFrameworksBuildPhase;
			buildActionMask = 2147483647;
			files = (
			);
			runOnlyForDeploymentPostprocessing = 0;
		};
/* End PBXFrameworksBuildPhase section */

/* Begin PBXGroup section */
		7B1C3EC425DAAE6000832738 /* Requests */ = {
			isa = PBXGroup;
			children = (
				7B1C3EC525DAAE7A00832738 /* APIRequest.swift */,
				7B1C3EC925DAAEAE00832738 /* TodosRequest.swift */,
				7B1C3EE025DAB31700832738 /* TodoRequest.swift */,
			);
			path = Requests;
			sourceTree = "<group>";
		};
		7B1C3ECD25DAAEC600832738 /* Requests */ = {
			isa = PBXGroup;
			children = (
				7B1C3ECE25DAAEDF00832738 /* TodosRequest_Tests.swift */,
				7B1C3EE425DAB8BF00832738 /* TodoRequest_Tests.swift */,
			);
			path = Requests;
			sourceTree = "<group>";
		};
		7B1C3EF825DAC68500832738 /* Errors */ = {
			isa = PBXGroup;
			children = (
				7B1C3EF925DAC68F00832738 /* APIError.swift */,
			);
			path = Errors;
			sourceTree = "<group>";
		};
		7B6C690E25DAA1BE00FC4FAB = {
			isa = PBXGroup;
			children = (
				7B6C691925DAA1BE00FC4FAB /* Todo Test */,
				7B6C693625DAA52900FC4FAB /* Todo Test Tests */,
				7B6C691825DAA1BE00FC4FAB /* Products */,
			);
			sourceTree = "<group>";
		};
		7B6C691825DAA1BE00FC4FAB /* Products */ = {
			isa = PBXGroup;
			children = (
				7B6C691725DAA1BE00FC4FAB /* Todo Test.app */,
				7B6C693525DAA52900FC4FAB /* Todo Test Tests.xctest */,
			);
			name = Products;
			sourceTree = "<group>";
		};
		7B6C691925DAA1BE00FC4FAB /* Todo Test */ = {
			isa = PBXGroup;
			children = (
				7B8099ED25DAA6D400F02610 /* Models */,
				7B6C692D25DAA30300FC4FAB /* Views */,
				7B6C691A25DAA1BE00FC4FAB /* TodoApp.swift */,
				7B6C691E25DAA1C100FC4FAB /* Assets.xcassets */,
				7B6C692325DAA1C100FC4FAB /* Info.plist */,
				7B6C692025DAA1C100FC4FAB /* Preview Content */,
			);
			path = "Todo Test";
			sourceTree = "<group>";
		};
		7B6C692025DAA1C100FC4FAB /* Preview Content */ = {
			isa = PBXGroup;
			children = (
				7B6C692125DAA1C100FC4FAB /* Preview Assets.xcassets */,
			);
			path = "Preview Content";
			sourceTree = "<group>";
		};
		7B6C692D25DAA30300FC4FAB /* Views */ = {
			isa = PBXGroup;
			children = (
				7B6C691C25DAA1BE00FC4FAB /* MainView.swift */,
				7BC3CBB725DC208C00706AB6 /* LoadingView.swift */,
			);
			path = Views;
			sourceTree = "<group>";
		};
		7B6C693625DAA52900FC4FAB /* Todo Test Tests */ = {
			isa = PBXGroup;
			children = (
				7B8099FC25DAACA100F02610 /* Models */,
				7B6C693925DAA52900FC4FAB /* Info.plist */,
				7B1C3F1125DAD63000832738 /* test.json */,
			);
			path = "Todo Test Tests";
			sourceTree = "<group>";
		};
		7B8099ED25DAA6D400F02610 /* Models */ = {
			isa = PBXGroup;
			children = (
				7B1C3EF825DAC68500832738 /* Errors */,
				7B1C3EC425DAAE6000832738 /* Requests */,
				7B8099EE25DAA6D900F02610 /* Entities */,
				7B1C3EEC25DAC0C600832738 /* API.swift */,
			);
			path = Models;
			sourceTree = "<group>";
		};
		7B8099EE25DAA6D900F02610 /* Entities */ = {
			isa = PBXGroup;
			children = (
				7B8099EF25DAA7F600F02610 /* Todo.swift */,
			);
			path = Entities;
			sourceTree = "<group>";
		};
		7B8099FC25DAACA100F02610 /* Models */ = {
			isa = PBXGroup;
			children = (
				7B1C3ECD25DAAEC600832738 /* Requests */,
				7B8099FD25DAACA600F02610 /* Entities */,
				7B1C3EF025DAC0DC00832738 /* API_Tests.swift */,
			);
			path = Models;
			sourceTree = "<group>";
		};
		7B8099FD25DAACA600F02610 /* Entities */ = {
			isa = PBXGroup;
			children = (
				7B8099F525DAA95000F02610 /* Todo_Tests.swift */,
			);
			path = Entities;
			sourceTree = "<group>";
		};
/* End PBXGroup section */

/* Begin PBXNativeTarget section */
		7B6C691625DAA1BE00FC4FAB /* Todo Test */ = {
			isa = PBXNativeTarget;
			buildConfigurationList = 7B6C692625DAA1C100FC4FAB /* Build configuration list for PBXNativeTarget "Todo Test" */;
			buildPhases = (
				7B6C691325DAA1BE00FC4FAB /* Sources */,
				7B6C691425DAA1BE00FC4FAB /* Frameworks */,
				7B6C691525DAA1BE00FC4FAB /* Resources */,
			);
			buildRules = (
			);
			dependencies = (
			);
			name = "Todo Test";
			productName = "Todo Test";
			productReference = 7B6C691725DAA1BE00FC4FAB /* Todo Test.app */;
			productType = "com.apple.product-type.application";
		};
		7B6C693425DAA52900FC4FAB /* Todo Test Tests */ = {
			isa = PBXNativeTarget;
			buildConfigurationList = 7B6C693E25DAA52900FC4FAB /* Build configuration list for PBXNativeTarget "Todo Test Tests" */;
			buildPhases = (
				7B6C693125DAA52900FC4FAB /* Sources */,
				7B6C693225DAA52900FC4FAB /* Frameworks */,
				7B6C693325DAA52900FC4FAB /* Resources */,
			);
			buildRules = (
			);
			dependencies = (
				7B6C693B25DAA52900FC4FAB /* PBXTargetDependency */,
			);
			name = "Todo Test Tests";
			productName = "Todo Test Tests";
			productReference = 7B6C693525DAA52900FC4FAB /* Todo Test Tests.xctest */;
			productType = "com.apple.product-type.bundle.unit-test";
		};
/* End PBXNativeTarget section */

/* Begin PBXProject section */
		7B6C690F25DAA1BE00FC4FAB /* Project object */ = {
			isa = PBXProject;
			attributes = {
				LastSwiftUpdateCheck = 1240;
				LastUpgradeCheck = 1240;
				TargetAttributes = {
					7B6C691625DAA1BE00FC4FAB = {
						CreatedOnToolsVersion = 12.4;
					};
					7B6C693425DAA52900FC4FAB = {
						CreatedOnToolsVersion = 12.4;
						LastSwiftMigration = 1240;
						TestTargetID = 7B6C691625DAA1BE00FC4FAB;
					};
				};
			};
			buildConfigurationList = 7B6C691225DAA1BE00FC4FAB /* Build configuration list for PBXProject "Todo Test" */;
			compatibilityVersion = "Xcode 9.3";
			developmentRegion = en;
			hasScannedForEncodings = 0;
			knownRegions = (
				en,
				Base,
			);
			mainGroup = 7B6C690E25DAA1BE00FC4FAB;
			productRefGroup = 7B6C691825DAA1BE00FC4FAB /* Products */;
			projectDirPath = "";
			projectRoot = "";
			targets = (
				7B6C691625DAA1BE00FC4FAB /* Todo Test */,
				7B6C693425DAA52900FC4FAB /* Todo Test Tests */,
			);
		};
/* End PBXProject section */

/* Begin PBXResourcesBuildPhase section */
		7B6C691525DAA1BE00FC4FAB /* Resources */ = {
			isa = PBXResourcesBuildPhase;
			buildActionMask = 2147483647;
			files = (
				7B6C692225DAA1C100FC4FAB /* Preview Assets.xcassets in Resources */,
				7B6C691F25DAA1C100FC4FAB /* Assets.xcassets in Resources */,
			);
			runOnlyForDeploymentPostprocessing = 0;
		};
		7B6C693325DAA52900FC4FAB /* Resources */ = {
			isa = PBXResourcesBuildPhase;
			buildActionMask = 2147483647;
			files = (
				7B1C3F1225DAD63000832738 /* test.json in Resources */,
			);
			runOnlyForDeploymentPostprocessing = 0;
		};
/* End PBXResourcesBuildPhase section */

/* Begin PBXSourcesBuildPhase section */
		7B6C691325DAA1BE00FC4FAB /* Sources */ = {
			isa = PBXSourcesBuildPhase;
			buildActionMask = 2147483647;
			files = (
				7B1C3ECA25DAAEAE00832738 /* TodosRequest.swift in Sources */,
				7B6C691D25DAA1BE00FC4FAB /* MainView.swift in Sources */,
				7BC3CBB825DC208C00706AB6 /* LoadingView.swift in Sources */,
				7B8099F025DAA7F600F02610 /* Todo.swift in Sources */,
				7B1C3EC625DAAE7A00832738 /* APIRequest.swift in Sources */,
				7B6C691B25DAA1BE00FC4FAB /* TodoApp.swift in Sources */,
				7B1C3EE125DAB31700832738 /* TodoRequest.swift in Sources */,
				7B1C3EED25DAC0C600832738 /* API.swift in Sources */,
				7B1C3EFA25DAC68F00832738 /* APIError.swift in Sources */,
			);
			runOnlyForDeploymentPostprocessing = 0;
		};
		7B6C693125DAA52900FC4FAB /* Sources */ = {
			isa = PBXSourcesBuildPhase;
			buildActionMask = 2147483647;
			files = (
				7B8099F625DAA95000F02610 /* Todo_Tests.swift in Sources */,
				7B1C3ECF25DAAEDF00832738 /* TodosRequest_Tests.swift in Sources */,
				7B1C3EE525DAB8BF00832738 /* TodoRequest_Tests.swift in Sources */,
				7B1C3EF125DAC0DC00832738 /* API_Tests.swift in Sources */,
			);
			runOnlyForDeploymentPostprocessing = 0;
		};
/* End PBXSourcesBuildPhase section */

/* Begin PBXTargetDependency section */
		7B6C693B25DAA52900FC4FAB /* PBXTargetDependency */ = {
			isa = PBXTargetDependency;
			target = 7B6C691625DAA1BE00FC4FAB /* Todo Test */;
			targetProxy = 7B6C693A25DAA52900FC4FAB /* PBXContainerItemProxy */;
		};
/* End PBXTargetDependency section */

/* Begin XCBuildConfiguration section */
		7B6C692425DAA1C100FC4FAB /* Debug */ = {
			isa = XCBuildConfiguration;
			buildSettings = {
				ALWAYS_SEARCH_USER_PATHS = NO;
				CLANG_ANALYZER_NONNULL = YES;
				CLANG_ANALYZER_NUMBER_OBJECT_CONVERSION = YES_AGGRESSIVE;
				CLANG_CXX_LANGUAGE_STANDARD = "gnu++14";
				CLANG_CXX_LIBRARY = "libc++";
				CLANG_ENABLE_MODULES = YES;
				CLANG_ENABLE_OBJC_ARC = YES;
				CLANG_ENABLE_OBJC_WEAK = YES;
				CLANG_WARN_BLOCK_CAPTURE_AUTORELEASING = YES;
				CLANG_WARN_BOOL_CONVERSION = YES;
				CLANG_WARN_COMMA = YES;
				CLANG_WARN_CONSTANT_CONVERSION = YES;
				CLANG_WARN_DEPRECATED_OBJC_IMPLEMENTATIONS = YES;
				CLANG_WARN_DIRECT_OBJC_ISA_USAGE = YES_ERROR;
				CLANG_WARN_DOCUMENTATION_COMMENTS = YES;
				CLANG_WARN_EMPTY_BODY = YES;
				CLANG_WARN_ENUM_CONVERSION = YES;
				CLANG_WARN_INFINITE_RECURSION = YES;
				CLANG_WARN_INT_CONVERSION = YES;
				CLANG_WARN_NON_LITERAL_NULL_CONVERSION = YES;
				CLANG_WARN_OBJC_IMPLICIT_RETAIN_SELF = YES;
				CLANG_WARN_OBJC_LITERAL_CONVERSION = YES;
				CLANG_WARN_OBJC_ROOT_CLASS = YES_ERROR;
				CLANG_WARN_QUOTED_INCLUDE_IN_FRAMEWORK_HEADER = YES;
				CLANG_WARN_RANGE_LOOP_ANALYSIS = YES;
				CLANG_WARN_STRICT_PROTOTYPES = YES;
				CLANG_WARN_SUSPICIOUS_MOVE = YES;
				CLANG_WARN_UNGUARDED_AVAILABILITY = YES_AGGRESSIVE;
				CLANG_WARN_UNREACHABLE_CODE = YES;
				CLANG_WARN__DUPLICATE_METHOD_MATCH = YES;
				COPY_PHASE_STRIP = NO;
				DEBUG_INFORMATION_FORMAT = dwarf;
				ENABLE_STRICT_OBJC_MSGSEND = YES;
				ENABLE_TESTABILITY = YES;
				GCC_C_LANGUAGE_STANDARD = gnu11;
				GCC_DYNAMIC_NO_PIC = NO;
				GCC_NO_COMMON_BLOCKS = YES;
				GCC_OPTIMIZATION_LEVEL = 0;
				GCC_PREPROCESSOR_DEFINITIONS = (
					"DEBUG=1",
					"$(inherited)",
				);
				GCC_WARN_64_TO_32_BIT_CONVERSION = YES;
				GCC_WARN_ABOUT_RETURN_TYPE = YES_ERROR;
				GCC_WARN_UNDECLARED_SELECTOR = YES;
				GCC_WARN_UNINITIALIZED_AUTOS = YES_AGGRESSIVE;
				GCC_WARN_UNUSED_FUNCTION = YES;
				GCC_WARN_UNUSED_VARIABLE = YES;
				IPHONEOS_DEPLOYMENT_TARGET = 14.4;
				MTL_ENABLE_DEBUG_INFO = INCLUDE_SOURCE;
				MTL_FAST_MATH = YES;
				ONLY_ACTIVE_ARCH = YES;
				SDKROOT = iphoneos;
				SWIFT_ACTIVE_COMPILATION_CONDITIONS = DEBUG;
				SWIFT_OPTIMIZATION_LEVEL = "-Onone";
			};
			name = Debug;
		};
		7B6C692525DAA1C100FC4FAB /* Release */ = {
			isa = XCBuildConfiguration;
			buildSettings = {
				ALWAYS_SEARCH_USER_PATHS = NO;
				CLANG_ANALYZER_NONNULL = YES;
				CLANG_ANALYZER_NUMBER_OBJECT_CONVERSION = YES_AGGRESSIVE;
				CLANG_CXX_LANGUAGE_STANDARD = "gnu++14";
				CLANG_CXX_LIBRARY = "libc++";
				CLANG_ENABLE_MODULES = YES;
				CLANG_ENABLE_OBJC_ARC = YES;
				CLANG_ENABLE_OBJC_WEAK = YES;
				CLANG_WARN_BLOCK_CAPTURE_AUTORELEASING = YES;
				CLANG_WARN_BOOL_CONVERSION = YES;
				CLANG_WARN_COMMA = YES;
				CLANG_WARN_CONSTANT_CONVERSION = YES;
				CLANG_WARN_DEPRECATED_OBJC_IMPLEMENTATIONS = YES;
				CLANG_WARN_DIRECT_OBJC_ISA_USAGE = YES_ERROR;
				CLANG_WARN_DOCUMENTATION_COMMENTS = YES;
				CLANG_WARN_EMPTY_BODY = YES;
				CLANG_WARN_ENUM_CONVERSION = YES;
				CLANG_WARN_INFINITE_RECURSION = YES;
				CLANG_WARN_INT_CONVERSION = YES;
				CLANG_WARN_NON_LITERAL_NULL_CONVERSION = YES;
				CLANG_WARN_OBJC_IMPLICIT_RETAIN_SELF = YES;
				CLANG_WARN_OBJC_LITERAL_CONVERSION = YES;
				CLANG_WARN_OBJC_ROOT_CLASS = YES_ERROR;
				CLANG_WARN_QUOTED_INCLUDE_IN_FRAMEWORK_HEADER = YES;
				CLANG_WARN_RANGE_LOOP_ANALYSIS = YES;
				CLANG_WARN_STRICT_PROTOTYPES = YES;
				CLANG_WARN_SUSPICIOUS_MOVE = YES;
				CLANG_WARN_UNGUARDED_AVAILABILITY = YES_AGGRESSIVE;
				CLANG_WARN_UNREACHABLE_CODE = YES;
				CLANG_WARN__DUPLICATE_METHOD_MATCH = YES;
				COPY_PHASE_STRIP = NO;
				DEBUG_INFORMATION_FORMAT = "dwarf-with-dsym";
				ENABLE_NS_ASSERTIONS = NO;
				ENABLE_STRICT_OBJC_MSGSEND = YES;
				GCC_C_LANGUAGE_STANDARD = gnu11;
				GCC_NO_COMMON_BLOCKS = YES;
				GCC_WARN_64_TO_32_BIT_CONVERSION = YES;
				GCC_WARN_ABOUT_RETURN_TYPE = YES_ERROR;
				GCC_WARN_UNDECLARED_SELECTOR = YES;
				GCC_WARN_UNINITIALIZED_AUTOS = YES_AGGRESSIVE;
				GCC_WARN_UNUSED_FUNCTION = YES;
				GCC_WARN_UNUSED_VARIABLE = YES;
				IPHONEOS_DEPLOYMENT_TARGET = 14.4;
				MTL_ENABLE_DEBUG_INFO = NO;
				MTL_FAST_MATH = YES;
				SDKROOT = iphoneos;
				SWIFT_COMPILATION_MODE = wholemodule;
				SWIFT_OPTIMIZATION_LEVEL = "-O";
				VALIDATE_PRODUCT = YES;
			};
			name = Release;
		};
		7B6C692725DAA1C100FC4FAB /* Debug */ = {
			isa = XCBuildConfiguration;
			buildSettings = {
				ASSETCATALOG_COMPILER_APPICON_NAME = AppIcon;
				ASSETCATALOG_COMPILER_GLOBAL_ACCENT_COLOR_NAME = AccentColor;
				CODE_SIGN_STYLE = Automatic;
				DEVELOPMENT_ASSET_PATHS = "\"Todo Test/Preview Content\"";
				DEVELOPMENT_TEAM = K22PG947W8;
				ENABLE_PREVIEWS = YES;
				INFOPLIST_FILE = "Todo Test/Info.plist";
				IPHONEOS_DEPLOYMENT_TARGET = 14.0;
				LD_RUNPATH_SEARCH_PATHS = (
					"$(inherited)",
					"@executable_path/Frameworks",
				);
				PRODUCT_BUNDLE_IDENTIFIER = "cz.belohradsky.Todo-Test";
				PRODUCT_NAME = "$(TARGET_NAME)";
				SWIFT_VERSION = 5.0;
				TARGETED_DEVICE_FAMILY = "1,2";
			};
			name = Debug;
		};
		7B6C692825DAA1C100FC4FAB /* Release */ = {
			isa = XCBuildConfiguration;
			buildSettings = {
				ASSETCATALOG_COMPILER_APPICON_NAME = AppIcon;
				ASSETCATALOG_COMPILER_GLOBAL_ACCENT_COLOR_NAME = AccentColor;
				CODE_SIGN_STYLE = Automatic;
				DEVELOPMENT_ASSET_PATHS = "\"Todo Test/Preview Content\"";
				DEVELOPMENT_TEAM = K22PG947W8;
				ENABLE_PREVIEWS = YES;
				INFOPLIST_FILE = "Todo Test/Info.plist";
				IPHONEOS_DEPLOYMENT_TARGET = 14.0;
				LD_RUNPATH_SEARCH_PATHS = (
					"$(inherited)",
					"@executable_path/Frameworks",
				);
				PRODUCT_BUNDLE_IDENTIFIER = "cz.belohradsky.Todo-Test";
				PRODUCT_NAME = "$(TARGET_NAME)";
				SWIFT_VERSION = 5.0;
				TARGETED_DEVICE_FAMILY = "1,2";
			};
			name = Release;
		};
		7B6C693C25DAA52900FC4FAB /* Debug */ = {
			isa = XCBuildConfiguration;
			buildSettings = {
				BUNDLE_LOADER = "$(TEST_HOST)";
				CLANG_ENABLE_MODULES = YES;
				CODE_SIGN_STYLE = Automatic;
				DEVELOPMENT_TEAM = K22PG947W8;
				INFOPLIST_FILE = "Todo Test Tests/Info.plist";
				LD_RUNPATH_SEARCH_PATHS = (
					"$(inherited)",
					"@executable_path/Frameworks",
					"@loader_path/Frameworks",
				);
				PRODUCT_BUNDLE_IDENTIFIER = "cz.belohradsky.Todo-Test-Tests";
				PRODUCT_NAME = "$(TARGET_NAME)";
				SWIFT_OPTIMIZATION_LEVEL = "-Onone";
				SWIFT_VERSION = 5.0;
				TARGETED_DEVICE_FAMILY = "1,2";
				TEST_HOST = "$(BUILT_PRODUCTS_DIR)/Todo Test.app/Todo Test";
			};
			name = Debug;
		};
		7B6C693D25DAA52900FC4FAB /* Release */ = {
			isa = XCBuildConfiguration;
			buildSettings = {
				BUNDLE_LOADER = "$(TEST_HOST)";
				CLANG_ENABLE_MODULES = YES;
				CODE_SIGN_STYLE = Automatic;
				DEVELOPMENT_TEAM = K22PG947W8;
				INFOPLIST_FILE = "Todo Test Tests/Info.plist";
				LD_RUNPATH_SEARCH_PATHS = (
					"$(inherited)",
					"@executable_path/Frameworks",
					"@loader_path/Frameworks",
				);
				PRODUCT_BUNDLE_IDENTIFIER = "cz.belohradsky.Todo-Test-Tests";
				PRODUCT_NAME = "$(TARGET_NAME)";
				SWIFT_VERSION = 5.0;
				TARGETED_DEVICE_FAMILY = "1,2";
				TEST_HOST = "$(BUILT_PRODUCTS_DIR)/Todo Test.app/Todo Test";
			};
			name = Release;
		};
/* End XCBuildConfiguration section */

/* Begin XCConfigurationList section */
		7B6C691225DAA1BE00FC4FAB /* Build configuration list for PBXProject "Todo Test" */ = {
			isa = XCConfigurationList;
			buildConfigurations = (
				7B6C692425DAA1C100FC4FAB /* Debug */,
				7B6C692525DAA1C100FC4FAB /* Release */,
			);
			defaultConfigurationIsVisible = 0;
			defaultConfigurationName = Release;
		};
		7B6C692625DAA1C100FC4FAB /* Build configuration list for PBXNativeTarget "Todo Test" */ = {
			isa = XCConfigurationList;
			buildConfigurations = (
				7B6C692725DAA1C100FC4FAB /* Debug */,
				7B6C692825DAA1C100FC4FAB /* Release */,
			);
			defaultConfigurationIsVisible = 0;
			defaultConfigurationName = Release;
		};
		7B6C693E25DAA52900FC4FAB /* Build configuration list for PBXNativeTarget "Todo Test Tests" */ = {
			isa = XCConfigurationList;
			buildConfigurations = (
				7B6C693C25DAA52900FC4FAB /* Debug */,
				7B6C693D25DAA52900FC4FAB /* Release */,
			);
			defaultConfigurationIsVisible = 0;
			defaultConfigurationName = Release;
		};
/* End XCConfigurationList section */
	};
	rootObject = 7B6C690F25DAA1BE00FC4FAB /* Project object */;
}
